PODS:
  - Alamofire (4.9.1)
  - Kingfisher (7.1.2)

DEPENDENCIES:
  - Alamofire (~> 4.9.1)
  - Kingfisher

SPEC REPOS:
  trunk:
    - Alamofire
    - Kingfisher

SPEC CHECKSUMS:
  Alamofire: 85e8a02c69d6020a0d734f6054870d7ecb75cf18
  Kingfisher: 44ed6a8504763f27bab46163adfac83f5deb240c

PODFILE CHECKSUM: 215ad6700bce33c6617cbf30326f41d33cfc03cd

COCOAPODS: 1.11.2
